
Microsoft Visual Studio Solution File, Format Version 12.00
# Visual Studio Version 17
VisualStudioVersion = 17.13.35806.99 d17.13
MinimumVisualStudioVersion = 10.0.40219.1
Project("{FAE04EC0-301F-11D3-BF4B-00C04F79EFBC}") = "TI2", "TI2.csproj", "{4EE3A15D-0A13-4461-AE6E-AF7328E04BC2}"
EndProject
Global
	GlobalSection(SolutionConfigurationPlatforms) = preSolution
		Debug|Any CPU = Debug|Any CPU
		Release|Any CPU = Release|Any CPU
	EndGlobalSection
	GlobalSection(ProjectConfigurationPlatforms) = postSolution
		{4EE3A15D-0A13-4461-AE6E-AF7328E04BC2}.Debug|Any CPU.ActiveCfg = Debug|Any CPU
		{4EE3A15D-0A13-4461-AE6E-AF7328E04BC2}.Debug|Any CPU.Build.0 = Debug|Any CPU
		{4EE3A15D-0A13-4461-AE6E-AF7328E04BC2}.Release|Any CPU.ActiveCfg = Release|Any CPU
		{4EE3A15D-0A13-4461-AE6E-AF7328E04BC2}.Release|Any CPU.Build.0 = Release|Any CPU
	EndGlobalSection
	GlobalSection(SolutionProperties) = preSolution
		HideSolutionNode = FALSE
	EndGlobalSection
	GlobalSection(ExtensibilityGlobals) = postSolution
		SolutionGuid = {2E1E177D-CE86-4B36-9C92-30D3FFF24F13}
	EndGlobalSection
EndGlobal
